{
  "object": {
    "pins": [
      {
        "package": "swift-format",
        "repositoryURL": "https://github.com/apple/swift-format.git",
        "state": {
          "branch": "swift-5.2-branch",
          "revision": "f22aade8a6ee061b4a7041601ededd8ad7bc2122",
          "version": null
        }
      },
      {
        "package": "SwiftSyntax",
        "repositoryURL": "https://github.com/apple/swift-syntax.git",
        "state": {
          "branch": "swift-5.2-branch",
          "revision": "0688b9cfc4c3dd234e4f55f1f056b2affc849873",
          "version": null
        }
      }
    ]
  },
  "version": 1
}
